
Microsoft Visual Studio Solution File, Format Version 12.00
# Visual Studio Version 17
VisualStudioVersion = 17.3.32901.215
MinimumVisualStudioVersion = 10.0.40219.1
Project("{FAE04EC0-301F-11D3-BF4B-00C04F79EFBC}") = "PatientRecord", "PatientRecord\PatientRecord.csproj", "{DE6F26BF-A9AA-474C-A1A5-86E818788DB1}"
EndProject
Global
	GlobalSection(SolutionConfigurationPlatforms) = preSolution
		Debug|Any CPU = Debug|Any CPU
		Release|Any CPU = Release|Any CPU
	EndGlobalSection
	GlobalSection(ProjectConfigurationPlatforms) = postSolution
		{DE6F26BF-A9AA-474C-A1A5-86E818788DB1}.Debug|Any CPU.ActiveCfg = Debug|Any CPU
		{DE6F26BF-A9AA-474C-A1A5-86E818788DB1}.Debug|Any CPU.Build.0 = Debug|Any CPU
		{DE6F26BF-A9AA-474C-A1A5-86E818788DB1}.Release|Any CPU.ActiveCfg = Release|Any CPU
		{DE6F26BF-A9AA-474C-A1A5-86E818788DB1}.Release|Any CPU.Build.0 = Release|Any CPU
	EndGlobalSection
	GlobalSection(SolutionProperties) = preSolution
		HideSolutionNode = FALSE
	EndGlobalSection
	GlobalSection(ExtensibilityGlobals) = postSolution
		SolutionGuid = {989627BD-F961-461B-801B-81167A8DEB16}
	EndGlobalSection
EndGlobal
